
Microsoft Visual Studio Solution File, Format Version 12.00
# Visual Studio Version 16
VisualStudioVersion = 16.0.29709.97
MinimumVisualStudioVersion = 10.0.40219.1
Project("{FAE04EC0-301F-11D3-BF4B-00C04F79EFBC}") = "Service.Adapter", "Service.Adapter\Service.Adapter.csproj", "{D00D4FD7-2614-4CF9-9822-A871FB37DC8F}"
EndProject
Global
	GlobalSection(SolutionConfigurationPlatforms) = preSolution
		Debug|Any CPU = Debug|Any CPU
		Release|Any CPU = Release|Any CPU
	EndGlobalSection
	GlobalSection(ProjectConfigurationPlatforms) = postSolution
		{D00D4FD7-2614-4CF9-9822-A871FB37DC8F}.Debug|Any CPU.ActiveCfg = Debug|Any CPU
		{D00D4FD7-2614-4CF9-9822-A871FB37DC8F}.Debug|Any CPU.Build.0 = Debug|Any CPU
		{D00D4FD7-2614-4CF9-9822-A871FB37DC8F}.Release|Any CPU.ActiveCfg = Release|Any CPU
		{D00D4FD7-2614-4CF9-9822-A871FB37DC8F}.Release|Any CPU.Build.0 = Release|Any CPU
	EndGlobalSection
	GlobalSection(SolutionProperties) = preSolution
		HideSolutionNode = FALSE
	EndGlobalSection
	GlobalSection(ExtensibilityGlobals) = postSolution
		SolutionGuid = {6BC7C5BC-3720-4C24-B8E8-7A67A11896F6}
	EndGlobalSection
EndGlobal
